<?xml version="1.0" encoding="UTF-8" standalone="yes" ?>
<CodeBlocks_project_file>
	<FileVersion major="1" minor="6" />
	<Project>
		<Option title="qbS8" />
		<Option makefile="MAKEFILE" />
		<Option execution_dir="C:/qbismSuper8/qbS8src/s_win32/" />
		<Option pch_mode="2" />
		<Option default_target="Debug Win32" />
		<Option compiler="mingw32" />
		<Build>
			<Target title="Release Win32">
				<Option output="../../quake/qbismS8" prefix_auto="1" extension_auto="1" />
				<Option working_dir="../../quake" />
				<Option object_output="s_win32/Release" />
				<Option type="0" />
				<Option compiler="mingw32" />
				<Compiler>
					<Add option="-march=pentium2" />
					<Add option="-fomit-frame-pointer" />
					<Add option="-fexpensive-optimizations" />
					<Add option="-O3" />
					<Add option="-w" />
					<Add option="-DWIN32" />
					<Add option="-DNDEBUG" />
					<Add option="-D_WINDOWS" />
					<Add option="-D_WIN32" />
					<Add option="-DCURL_STATICLIB" />
					<Add directory="." />
				</Compiler>
				<Linker>
					<Add option="-s" />
					<Add option="-static-libgcc" />
					<Add library="winmm" />
					<Add library="wsock32" />
					<Add library="dinput" />
					<Add library="dxguid" />
				</Linker>
				<ExtraCommands>
					<Add before="version.bat" />
				</ExtraCommands>
			</Target>
			<Target title="Debug Win32">
				<Option platforms="Windows;" />
				<Option output="../../quake/qbismS8debug" prefix_auto="1" extension_auto="1" />
				<Option working_dir="../../quake" />
				<Option object_output="s_win32/Debug" />
				<Option type="0" />
				<Option compiler="mingw32" />
				<Option parameters=" -heapsize 999000" />
				<Compiler>
					<Add option="-march=pentium2" />
					<Add option="-g" />
					<Add option="-DWIN32" />
					<Add option="-DDEBUG" />
					<Add option="-D_WINDOWS" />
					<Add option="-D_WIN32" />
				</Compiler>
				<ResourceCompiler>
					<Add directory="./dxsdk/sdk/inc" />
				</ResourceCompiler>
				<Linker>
					<Add option="-static-libgcc" />
					<Add library="winmm" />
					<Add library="wsock32" />
					<Add library="dinput" />
					<Add library="dxguid" />
				</Linker>
				<ExtraCommands>
					<Add before="version.bat" />
				</ExtraCommands>
			</Target>
			<Target title="Release Win32 icore">
				<Option output="../../quake/qbismS8_icore" prefix_auto="1" extension_auto="1" />
				<Option working_dir="../../quake" />
				<Option object_output="s_win32/Release" />
				<Option type="0" />
				<Option compiler="mingw32" />
				<Compiler>
					<Add option="-march=corei7" />
					<Add option="-fomit-frame-pointer" />
					<Add option="-fexpensive-optimizations" />
					<Add option="-O3" />
					<Add option="-w" />
					<Add option="-DWIN32" />
					<Add option="-DNDEBUG" />
					<Add option="-D_WINDOWS" />
					<Add option="-D_WIN32" />
					<Add option="-DCURL_STATICLIB" />
					<Add directory="." />
				</Compiler>
				<Linker>
					<Add option="-s" />
					<Add option="-static-libgcc" />
					<Add library="winmm" />
					<Add library="wsock32" />
					<Add library="dinput" />
					<Add library="dxguid" />
				</Linker>
				<ExtraCommands>
					<Add before="version.bat" />
				</ExtraCommands>
			</Target>
		</Build>
		<ExtraCommands>
			<Add before="version.bat" />
		</ExtraCommands>
		<Unit filename="adivtab.h" />
		<Unit filename="anorm_dots.h" />
		<Unit filename="anorms.h" />
		<Unit filename="bspfile.h" />
		<Unit filename="cdaudio.h" />
		<Unit filename="chase.c">
			<Option compilerVar="CC" />
		</Unit>
		<Unit filename="cl_demo.c">
			<Option compilerVar="CC" />
		</Unit>
		<Unit filename="cl_input.c">
			<Option compilerVar="CC" />
		</Unit>
		<Unit filename="cl_main.c">
			<Option compilerVar="CC" />
		</Unit>
		<Unit filename="cl_parse.c">
			<Option compilerVar="CC" />
		</Unit>
		<Unit filename="cl_tent.c">
			<Option compilerVar="CC" />
		</Unit>
		<Unit filename="cl_webdownload.cpp" />
		<Unit filename="client.h" />
		<Unit filename="cmd.c">
			<Option compilerVar="CC" />
		</Unit>
		<Unit filename="cmd.h" />
		<Unit filename="common.c">
			<Option compilerVar="CC" />
		</Unit>
		<Unit filename="common.h" />
		<Unit filename="conproc.h" />
		<Unit filename="console.c">
			<Option compilerVar="CC" />
		</Unit>
		<Unit filename="console.h" />
		<Unit filename="crc.c">
			<Option compilerVar="CC" />
		</Unit>
		<Unit filename="cvar.c">
			<Option compilerVar="CC" />
		</Unit>
		<Unit filename="cvar.h" />
		<Unit filename="d_edge.c">
			<Option compilerVar="CC" />
		</Unit>
		<Unit filename="d_iface.h" />
		<Unit filename="d_init.c">
			<Option compilerVar="CC" />
		</Unit>
		<Unit filename="d_local.h" />
		<Unit filename="d_modech.c">
			<Option compilerVar="CC" />
		</Unit>
		<Unit filename="d_part.c">
			<Option compilerVar="CC" />
		</Unit>
		<Unit filename="d_polyse.c">
			<Option compilerVar="CC" />
		</Unit>
		<Unit filename="d_scan.c">
			<Option compilerVar="CC" />
		</Unit>
		<Unit filename="d_sky.c">
			<Option compilerVar="CC" />
		</Unit>
		<Unit filename="d_sprite.c">
			<Option compilerVar="CC" />
		</Unit>
		<Unit filename="d_surf.c">
			<Option compilerVar="CC" />
		</Unit>
		<Unit filename="d_vars.c">
			<Option compilerVar="CC" />
		</Unit>
		<Unit filename="d_zpoint.c">
			<Option compilerVar="CC" />
		</Unit>
		<Unit filename="draw.c">
			<Option compilerVar="CC" />
		</Unit>
		<Unit filename="draw.h" />
		<Unit filename="host.c">
			<Option compilerVar="CC" />
		</Unit>
		<Unit filename="host_cmd.c">
			<Option compilerVar="CC" />
		</Unit>
		<Unit filename="input.h" />
		<Unit filename="keys.c">
			<Option compilerVar="CC" />
		</Unit>
		<Unit filename="keys.h" />
		<Unit filename="mathlib.c">
			<Option compilerVar="CC" />
		</Unit>
		<Unit filename="mathlib.h" />
		<Unit filename="menu.c">
			<Option compilerVar="CC" />
		</Unit>
		<Unit filename="menu.h" />
		<Unit filename="model.c">
			<Option compilerVar="CC" />
		</Unit>
		<Unit filename="model.h" />
		<Unit filename="modelgen.h" />
		<Unit filename="net.h" />
		<Unit filename="net_dgrm.c">
			<Option compilerVar="CC" />
		</Unit>
		<Unit filename="net_dgrm.h" />
		<Unit filename="net_loop.c">
			<Option compilerVar="CC" />
		</Unit>
		<Unit filename="net_loop.h" />
		<Unit filename="net_main.c">
			<Option compilerVar="CC" />
		</Unit>
		<Unit filename="pr_cmds.c">
			<Option compilerVar="CC" />
		</Unit>
		<Unit filename="pr_comp.h" />
		<Unit filename="pr_edict.c">
			<Option compilerVar="CC" />
		</Unit>
		<Unit filename="pr_exec.c">
			<Option compilerVar="CC" />
		</Unit>
		<Unit filename="progdefs.h" />
		<Unit filename="progdefs.q1" />
		<Unit filename="progs.h" />
		<Unit filename="protocol.h" />
		<Unit filename="quakedef.h" />
		<Unit filename="r_aclip.c">
			<Option compilerVar="CC" />
		</Unit>
		<Unit filename="r_alias.c">
			<Option compilerVar="CC" />
		</Unit>
		<Unit filename="r_bsp.c">
			<Option compilerVar="CC" />
		</Unit>
		<Unit filename="r_draw.c">
			<Option compilerVar="CC" />
		</Unit>
		<Unit filename="r_edge.c">
			<Option compilerVar="CC" />
		</Unit>
		<Unit filename="r_efrag.c">
			<Option compilerVar="CC" />
		</Unit>
		<Unit filename="r_light.c">
			<Option compilerVar="CC" />
		</Unit>
		<Unit filename="r_local.h" />
		<Unit filename="r_main.c">
			<Option compilerVar="CC" />
		</Unit>
		<Unit filename="r_misc.c">
			<Option compilerVar="CC" />
		</Unit>
		<Unit filename="r_part.c">
			<Option compilerVar="CC" />
		</Unit>
		<Unit filename="r_shared.h" />
		<Unit filename="r_sky.c">
			<Option compilerVar="CC" />
		</Unit>
		<Unit filename="r_sprite.c">
			<Option compilerVar="CC" />
		</Unit>
		<Unit filename="r_surf.c">
			<Option compilerVar="CC" />
		</Unit>
		<Unit filename="r_vars.c">
			<Option compilerVar="CC" />
		</Unit>
		<Unit filename="render.h" />
		<Unit filename="s_flash/cd_flash.c">
			<Option compilerVar="CC" />
			<Option target="&lt;{~None~}&gt;" />
		</Unit>
		<Unit filename="s_flash/in_flash.c">
			<Option compilerVar="CC" />
			<Option target="&lt;{~None~}&gt;" />
		</Unit>
		<Unit filename="s_flash/sys_flash.c">
			<Option compilerVar="CC" />
			<Option target="&lt;{~None~}&gt;" />
		</Unit>
		<Unit filename="s_flash/vid_flash.c">
			<Option compilerVar="CC" />
			<Option target="&lt;{~None~}&gt;" />
		</Unit>
		<Unit filename="s_win32/cd_win.c">
			<Option compilerVar="CC" />
		</Unit>
		<Unit filename="s_win32/conproc.c">
			<Option compilerVar="CC" />
		</Unit>
		<Unit filename="s_win32/in_win.c">
			<Option compilerVar="CC" />
		</Unit>
		<Unit filename="s_win32/movie.c">
			<Option compilerVar="CC" />
		</Unit>
		<Unit filename="s_win32/movie.h" />
		<Unit filename="s_win32/movie_avi.c">
			<Option compilerVar="CC" />
		</Unit>
		<Unit filename="s_win32/movie_avi.h" />
		<Unit filename="s_win32/net_win.c">
			<Option compilerVar="CC" />
		</Unit>
		<Unit filename="s_win32/net_wins.c">
			<Option compilerVar="CC" />
		</Unit>
		<Unit filename="s_win32/net_wins.h" />
		<Unit filename="s_win32/qbism-s8.rc">
			<Option compilerVar="WINDRES" />
		</Unit>
		<Unit filename="s_win32/resource.h" />
		<Unit filename="s_win32/snd_win.c">
			<Option compilerVar="CC" />
		</Unit>
		<Unit filename="s_win32/sys_win.c">
			<Option compilerVar="CC" />
		</Unit>
		<Unit filename="s_win32/vid_win.c">
			<Option compilerVar="CC" />
		</Unit>
		<Unit filename="s_win32/winquake.h" />
		<Unit filename="sbar.c">
			<Option compilerVar="CC" />
		</Unit>
		<Unit filename="sbar.h" />
		<Unit filename="screen.c">
			<Option compilerVar="CC" />
		</Unit>
		<Unit filename="screen.h" />
		<Unit filename="server.h" />
		<Unit filename="snd_dma.c">
			<Option compilerVar="CC" />
		</Unit>
		<Unit filename="snd_mem.c">
			<Option compilerVar="CC" />
		</Unit>
		<Unit filename="snd_mix.c">
			<Option compilerVar="CC" />
		</Unit>
		<Unit filename="sound.h" />
		<Unit filename="spritegn.h" />
		<Unit filename="sv_main.c">
			<Option compilerVar="CC" />
		</Unit>
		<Unit filename="sv_move.c">
			<Option compilerVar="CC" />
		</Unit>
		<Unit filename="sv_phys.c">
			<Option compilerVar="CC" />
		</Unit>
		<Unit filename="sv_user.c">
			<Option compilerVar="CC" />
		</Unit>
		<Unit filename="sys.h" />
		<Unit filename="version.h" />
		<Unit filename="vid.h" />
		<Unit filename="view.c">
			<Option compilerVar="CC" />
		</Unit>
		<Unit filename="view.h" />
		<Unit filename="wad.c">
			<Option compilerVar="CC" />
		</Unit>
		<Unit filename="wad.h" />
		<Unit filename="world.c">
			<Option compilerVar="CC" />
		</Unit>
		<Unit filename="world.h" />
		<Unit filename="zone.c">
			<Option compilerVar="CC" />
		</Unit>
		<Unit filename="zone.h" />
		<Extensions>
			<code_completion />
			<debugger />
			<envvars />
			<AutoVersioning>
				<Scheme minor_max="10" build_max="0" rev_max="0" rev_rand_max="10" build_times_to_increment_minor="100" />
				<Settings autoincrement="1" date_declarations="1" update_manifest="1" do_auto_increment="0" ask_to_increment="0" language="C++" svn="1" svn_directory="C:\qbismSuper8\qbS8src" header_path="version.h" />
				<Changes_Log show_changes_editor="0" app_title="released version %M.%m.%b of %p" changeslog_path="ChangesLog.txt" />
				<Code header_guard="VERSION_H" namespace="AutoVersion" prefix="" />
			</AutoVersioning>
			<DoxyBlocks>
				<comment_style block="0" line="0" />
				<doxyfile_project />
				<doxyfile_build />
				<doxyfile_warnings />
				<doxyfile_output />
				<doxyfile_dot />
				<general />
			</DoxyBlocks>
		</Extensions>
	</Project>
</CodeBlocks_project_file>
